
Microsoft Visual Studio Solution File, Format Version 12.00
# Visual Studio Version 17
VisualStudioVersion = 17.1.32414.318
MinimumVisualStudioVersion = 10.0.40219.1
Project("{FAE04EC0-301F-11D3-BF4B-00C04F79EFBC}") = "C_SortingAufgabe", "C_SortingAufgabe\C_SortingAufgabe.csproj", "{382F5F4E-2BBE-4CC0-B734-046E9B87494A}"
EndProject
Global
	GlobalSection(SolutionConfigurationPlatforms) = preSolution
		Debug|Any CPU = Debug|Any CPU
		Release|Any CPU = Release|Any CPU
	EndGlobalSection
	GlobalSection(ProjectConfigurationPlatforms) = postSolution
		{382F5F4E-2BBE-4CC0-B734-046E9B87494A}.Debug|Any CPU.ActiveCfg = Debug|Any CPU
		{382F5F4E-2BBE-4CC0-B734-046E9B87494A}.Debug|Any CPU.Build.0 = Debug|Any CPU
		{382F5F4E-2BBE-4CC0-B734-046E9B87494A}.Release|Any CPU.ActiveCfg = Release|Any CPU
		{382F5F4E-2BBE-4CC0-B734-046E9B87494A}.Release|Any CPU.Build.0 = Release|Any CPU
	EndGlobalSection
	GlobalSection(SolutionProperties) = preSolution
		HideSolutionNode = FALSE
	EndGlobalSection
	GlobalSection(ExtensibilityGlobals) = postSolution
		SolutionGuid = {E77E4C21-0A36-4A83-969B-9D5728A39B26}
	EndGlobalSection
EndGlobal
